Microsoft Visual Studio Solution File, Format Version 11.00
# Visual Studio 2008

Project("{AFB121FF-40BD-822C-8C25-904CB267168C}") = "Bath Salts", "Assembly-CSharp-vs.csproj", "{BEB02EAE-88A3-39FF-D642-81F41C33ED78}"
EndProject
Project("{AFB121FF-40BD-822C-8C25-904CB267168C}") = "Bath Salts", "Assembly-CSharp-Editor-vs.csproj", "{F7DC4474-F7CE-CE5C-DFEB-43E9EACB304E}"
EndProject
Global
	GlobalSection(SolutionConfigurationPlatforms) = preSolution
		Debug|Any CPU = Debug|Any CPU
		Release|Any CPU = Release|Any CPU
	EndGlobalSection
	GlobalSection(ProjectConfigurationPlatforms) = postSolution
		{BEB02EAE-88A3-39FF-D642-81F41C33ED78}.Debug|Any CPU.ActiveCfg = Debug|Any CPU
		{BEB02EAE-88A3-39FF-D642-81F41C33ED78}.Debug|Any CPU.Build.0 = Debug|Any CPU
		{BEB02EAE-88A3-39FF-D642-81F41C33ED78}.Release|Any CPU.ActiveCfg = Release|Any CPU
		{BEB02EAE-88A3-39FF-D642-81F41C33ED78}.Release|Any CPU.Build.0 = Release|Any CPU
		{F7DC4474-F7CE-CE5C-DFEB-43E9EACB304E}.Debug|Any CPU.ActiveCfg = Debug|Any CPU
		{F7DC4474-F7CE-CE5C-DFEB-43E9EACB304E}.Debug|Any CPU.Build.0 = Debug|Any CPU
		{F7DC4474-F7CE-CE5C-DFEB-43E9EACB304E}.Release|Any CPU.ActiveCfg = Release|Any CPU
		{F7DC4474-F7CE-CE5C-DFEB-43E9EACB304E}.Release|Any CPU.Build.0 = Release|Any CPU
	EndGlobalSection
	GlobalSection(SolutionProperties) = preSolution
		HideSolutionNode = FALSE
	EndGlobalSection
																																																								GlobalSection(MonoDevelopProperties) = preSolution
		StartupItem = Assembly-CSharp.csproj
		Policies = $0
		$0.TextStylePolicy = $1
		$1.inheritsSet = null
		$1.scope = text/x-csharp
		$0.CSharpFormattingPolicy = $2
		$2.inheritsSet = Mono
		$2.inheritsScope = text/x-csharp
		$2.scope = text/x-csharp
		$0.TextStylePolicy = $3
		$3.FileWidth = 120
		$3.TabWidth = 4
		$3.EolMarker = Unix
		$3.inheritsSet = Mono
		$3.inheritsScope = text/plain
		$3.scope = text/plain
	EndGlobalSection

EndGlobal
